
Microsoft Visual Studio Solution File, Format Version 12.00
# Visual Studio Version 17
VisualStudioVersion = 17.13.35913.81 d17.13
MinimumVisualStudioVersion = 10.0.40219.1
Project("{FAE04EC0-301F-11D3-BF4B-00C04F79EFBC}") = "Property_search", "Property_search\Property_search.csproj", "{787DA1E1-EB7B-4938-B031-463A60B0EB29}"
EndProject
Global
	GlobalSection(SolutionConfigurationPlatforms) = preSolution
		Debug|Any CPU = Debug|Any CPU
		Release|Any CPU = Release|Any CPU
	EndGlobalSection
	GlobalSection(ProjectConfigurationPlatforms) = postSolution
		{787DA1E1-EB7B-4938-B031-463A60B0EB29}.Debug|Any CPU.ActiveCfg = Debug|Any CPU
		{787DA1E1-EB7B-4938-B031-463A60B0EB29}.Debug|Any CPU.Build.0 = Debug|Any CPU
		{787DA1E1-EB7B-4938-B031-463A60B0EB29}.Release|Any CPU.ActiveCfg = Release|Any CPU
		{787DA1E1-EB7B-4938-B031-463A60B0EB29}.Release|Any CPU.Build.0 = Release|Any CPU
	EndGlobalSection
	GlobalSection(SolutionProperties) = preSolution
		HideSolutionNode = FALSE
	EndGlobalSection
	GlobalSection(ExtensibilityGlobals) = postSolution
		SolutionGuid = {DD9393CD-BBB5-495A-9589-6B7623E6AE9D}
	EndGlobalSection
EndGlobal
